github.com/GRVYDEV/S.A.T.U.R.D.A.Y/client v0.0.0-20230719114411-da8cf673b1ee h1:q2aPZaztlm++wXNi1L1KTEJtzvte6aLCQ4TKkjQvJ9o=
github.com/GRVYDEV/S.A.T.U.R.D.A.Y/client v0.0.0-20230719114411-da8cf673b1ee/go.mod h1:aQWnS06V0ueNRoOLMdpMptzB5xcWO3ufNhNw0WBg+fk=
github.com/GRVYDEV/S.A.T.U.R.D.A.Y/log v0.0.0-20230719114411-da8cf673b1ee h1:Tf0FBf3ZW/1d6I0bd9oIaYylys4SPeh0D1GvJHmyLO0=
github.com/GRVYDEV/S.A.T.U.R.D.A.Y/log v0.0.0-20230719114411-da8cf673b1ee/go.mod h1:YmO3ijW8Lqjp9iGcBw825iwiMoHV8kNMgsbpvW+oFKg=
github.com/GRVYDEV/S.A.T.U.R.D.A.Y/stt/engine v0.0.0-20230719114411-da8cf673b1ee h1:dCUR/mq64ES8GBf2O++pxEAUMnuAznHnDEhYYNxS4mE=
github.com/GRVYDEV/S.A.T.U.R.D.A.Y/stt/engine v0.0.0-20230719114411-da8cf673b1ee/go.mod h1:hoelJTPi5bLH5RiuNnamPhS+VxjfG0n+U04Dq07tN0k=
github.com/GRVYDEV/S.A.T.U.R.D.A.Y/util v0.0.0-20230607012320-a2f6bc254fdf h1:OO99f8V+gMJeKFT0xdDn8/aIsOWHR32s11wGMS/btS0=
github.com/GRVYDEV/S.A.T.U.R.D.A.Y/util v0.0.0-20230607012320-a2f6bc254fdf/go.mod h1:qioXMnv97ocGqkdCO3O1WBNIFGElisu+X0r1ywrSlhU=
github.com/alecthomas/assert/v2 v2.1.0 h1:tbredtNcQnoSd3QBhQWI7QZ3XHOVkw1Moklp2ojoH/0=
github.com/alecthomas/kong v0.7.1 h1:azoTh0IOfwlAX3qN9sHWTxACE2oV8Bg2gAwBsMwDQY4=
github.com/alecthomas/kong v0.7.1/go.mod h1:n1iCIO2xS46oE8ZfYCNDqdR0b0wZNrXAIAqro/2132U=
github.com/alecthomas/repr v0.1.0 h1:ENn2e1+J3k09gyj2shc0dHr/yjaWSHRlrJ4DPMevDqE=
github.com/bwmarrin/dgvoice v0.0.0-20210225172318-caaac756e02e h1:IdfGDWLNL/ZAHda33oiKnkoaWWsQ6vyO+MDslrcJ43M=
github.com/bwmarrin/dgvoice v0.0.0-20210225172318-caaac756e02e/go.mod h1:DT3heoMAQGrOExZ3Rb3TBOQ4Bm+wD4H48KFnt1YfLoQ=
github.com/bwmarrin/discordgo v0.27.1 h1:ib9AIc/dom1E/fSIulrBwnez0CToJE113ZGt4HoliGY=
github.com/bwmarrin/discordgo v0.27.1/go.mod h1:NJZpH+1AfhIcyQsPeuBKsUtYrRnjkyu0kIVMCHkZtRY=
github.com/ggerganov/whisper.cpp/bindings/go v0.0.0-20230524181101-5e2b3407ef46 h1:+STJWsBFikYC90LnR8I9gcBdysQn7Jv9Jb44+5WBi68=
github.com/ggerganov/whisper.cpp/bindings/go v0.0.0-20230524181101-5e2b3407ef46/go.mod h1:QIjZ9OktHFG7p+/m3sMvrAJKKdWrr1fZIK0rM6HZlyo=
github.com/ggerganov/whisper.cpp/bindings/go v0.0.0-20230716200034-399846572185 h1:p2ULplQxftR60/t3ZosHP98eI1o0wYRwYzYBIaM2PgQ=
github.com/ggerganov/whisper.cpp/bindings/go v0.0.0-20230716200034-399846572185/go.mod h1:QIjZ9OktHFG7p+/m3sMvrAJKKdWrr1fZIK0rM6HZlyo=
github.com/go-logr/logr v1.2.4 h1:g01GSCwiDw2xSZfjJ2/T9M+S6pFdcNtFYsp+Y43HYDQ=
github.com/go-logr/logr v1.2.4/go.mod h1:jdQByPbusPIv2/zmleS9BjJVeZ6kBagPoEUsqbVz/1A=
github.com/gorilla/websocket v1.4.2/go.mod h1:YR8l580nyteQvAITg2hZ9XVh4b55+EU/adAjf1fMHhE=
github.com/gorilla/websocket v1.5.0 h1:PPwGk2jz7EePpoHN/+ClbZu8SPxiqlu12wZP/3sWmnc=
github.com/gorilla/websocket v1.5.0/go.mod h1:YR8l580nyteQvAITg2hZ9XVh4b55+EU/adAjf1fMHhE=
github.com/hexops/gotextdiff v1.0.3 h1:gitA9+qJrrTCsiCl7+kh75nPqQt1cx4ZkudSTLoUqJM=
github.com/sashabaranov/go-openai v1.7.0 h1:D1dBXoZhtf/aKNu6WFf0c7Ah2NM30PZ/3Mqly6cZ7fk=
github.com/sashabaranov/go-openai v1.7.0/go.mod h1:lj5b/K+zjTSFxVLijLSTDZuP7adOgerWeFyZLUhAKRg=
golang.org/x/crypto v0.0.0-20210421170649-83a5a9bb288b/go.mod h1:T9bdIzuCu7OtxOm1hfPfRQxPLYneinmdGuTeoZ9dtd4=
golang.org/x/crypto v0.8.0 h1:pd9TJtTueMTVQXzk8E2XESSMQDj/U7OUu0PqJqPXQjQ=
golang.org/x/crypto v0.8.0/go.mod h1:mRqEX+O9/h5TFCrQhkgjo2yKi0yYA+9ecGkdQoHrywE=
golang.org/x/exp v0.0.0-20230522175609-2e198f4a06a1 h1:k/i9J1pBpvlfR+9QsetwPyERsqu1GIbi967PQMq3Ivc=
golang.org/x/exp v0.0.0-20230522175609-2e198f4a06a1/go.mod h1:V1LtkGg67GoY2N1AnLN78QLrzxkLyJw7RJb1gzOOz9w=
golang.org/x/net v0.0.0-20210226172049-e18ecbb05110/go.mod h1:m0MpNAwzfU5UDzcl9v0D8zg8gWTRqZa9RBIspLL5mdg=
golang.org/x/sys v0.0.0-20201119102817-f84b799fce68/go.mod h1:h1NjWce9XRLGQEsW7wpKNCjG9DtNlClVuFLEZdDNbEs=
golang.org/x/sys v0.7.0 h1:3jlCCIQZPdOYu1h8BkNvLz8Kgwtae2cagcG/VamtZRU=
golang.org/x/sys v0.7.0/go.mod h1:oPkhp1MJrh7nUepCBck5+mAzfO9JrbApNNgaTdGDITg=
golang.org/x/term v0.0.0-20201126162022-7de9c90e9dd1/go.mod h1:bj7SfCRtBDWHUb9snDiAeCFNEtKQo2Wmx5Cou7ajbmo=
golang.org/x/text v0.3.3/go.mod h1:5Zoc/QRtKVWzQhOtBMvqHzDpF6irO9z98xDceosuGiQ=
golang.org/x/tools v0.0.0-20180917221912-90fa682c2a6e/go.mod h1:n7NCudcB/nEzxVGmLbDWY5pfWTLqBcC2KZ6jyYvM4mQ=
gopkg.in/hraban/opus.v2 v2.0.0-20220302220929-eeacdbcb92d0 h1:B8lK1KhYrE4H3urNYBAL/UquYftW65IHPY8JP3gpZ4M=
gopkg.in/hraban/opus.v2 v2.0.0-20220302220929-eeacdbcb92d0/go.mod h1:/L5E7a21VWl8DeuCPKxQBdVG5cy+L0MRZ08B1wnqt7g=
gopkg.in/hraban/opus.v2 v2.0.0-20230706205704-edec55a8f5da h1:IsdNemWRwTNdQ5aZopt7FMfyZO7N41Z3KRPk0Zlz1PY=
gopkg.in/hraban/opus.v2 v2.0.0-20230706205704-edec55a8f5da/go.mod h1:/L5E7a21VWl8DeuCPKxQBdVG5cy+L0MRZ08B1wnqt7g=
layeh.com/gopus v0.0.0-20210501142526-1ee02d434e32 h1:/S1gOotFo2sADAIdSGk1sDq1VxetoCWr6f5nxOG0dpY=
layeh.com/gopus v0.0.0-20210501142526-1ee02d434e32/go.mod h1:yDtyzWZDFCVnva8NGtg38eH2Ns4J0D/6hD+MMeUGdF0=
